
Microsoft Visual Studio Solution File, Format Version 12.00
# Visual Studio 15
VisualStudioVersion = 15.0.28307.902
MinimumVisualStudioVersion = 10.0.40219.1
Project("{FAE04EC0-301F-11D3-BF4B-00C04F79EFBC}") = "DemonAsPrestige", "DemonAsPrestige\DemonAsPrestige.csproj", "{7F9911A9-5209-420F-827D-DE8F6178300B}"
EndProject
Global
	GlobalSection(SolutionConfigurationPlatforms) = preSolution
		Debug|Any CPU = Debug|Any CPU
		Release|Any CPU = Release|Any CPU
	EndGlobalSection
	GlobalSection(ProjectConfigurationPlatforms) = postSolution
		{7F9911A9-5209-420F-827D-DE8F6178300B}.Debug|Any CPU.ActiveCfg = Debug|Any CPU
		{7F9911A9-5209-420F-827D-DE8F6178300B}.Debug|Any CPU.Build.0 = Debug|Any CPU
		{7F9911A9-5209-420F-827D-DE8F6178300B}.Release|Any CPU.ActiveCfg = Release|Any CPU
		{7F9911A9-5209-420F-827D-DE8F6178300B}.Release|Any CPU.Build.0 = Release|Any CPU
	EndGlobalSection
	GlobalSection(SolutionProperties) = preSolution
		HideSolutionNode = FALSE
	EndGlobalSection
	GlobalSection(ExtensibilityGlobals) = postSolution
		SolutionGuid = {9683C5CD-AFD5-4D4B-8CD6-5E8C156BDFC7}
	EndGlobalSection
EndGlobal
